
Microsoft Visual Studio Solution File, Format Version 12.00
# Visual Studio 15
VisualStudioVersion = 15.0.27004.2009
MinimumVisualStudioVersion = 10.0.40219.1
Project("{FAE04EC0-301F-11D3-BF4B-00C04F79EFBC}") = "Szkolenie_zad1", "Szkolenie_zad1\Szkolenie_zad1.csproj", "{3B5B3F07-E6E7-408D-92E7-A532C44ACAF0}"
EndProject
Global
	GlobalSection(SolutionConfigurationPlatforms) = preSolution
		Debug|Any CPU = Debug|Any CPU
		Release|Any CPU = Release|Any CPU
	EndGlobalSection
	GlobalSection(ProjectConfigurationPlatforms) = postSolution
		{3B5B3F07-E6E7-408D-92E7-A532C44ACAF0}.Debug|Any CPU.ActiveCfg = Debug|Any CPU
		{3B5B3F07-E6E7-408D-92E7-A532C44ACAF0}.Debug|Any CPU.Build.0 = Debug|Any CPU
		{3B5B3F07-E6E7-408D-92E7-A532C44ACAF0}.Release|Any CPU.ActiveCfg = Release|Any CPU
		{3B5B3F07-E6E7-408D-92E7-A532C44ACAF0}.Release|Any CPU.Build.0 = Release|Any CPU
	EndGlobalSection
	GlobalSection(SolutionProperties) = preSolution
		HideSolutionNode = FALSE
	EndGlobalSection
	GlobalSection(ExtensibilityGlobals) = postSolution
		SolutionGuid = {7D4D3028-6332-45B6-A059-780225FB6AAD}
	EndGlobalSection
EndGlobal
